
Microsoft Visual Studio Solution File, Format Version 12.00
# Visual Studio Version 17
VisualStudioVersion = 17.12.35527.113 d17.12
MinimumVisualStudioVersion = 10.0.40219.1
Project("{FAE04EC0-301F-11D3-BF4B-00C04F79EFBC}") = "ServerApp", "ServerApp\ServerApp.csproj", "{66F9EA6F-ED3C-4A50-ACCC-87B5B38EE776}"
EndProject
Project("{FAE04EC0-301F-11D3-BF4B-00C04F79EFBC}") = "ClientApp", "ClientApp\ClientApp.csproj", "{880CE6EF-5DCB-458A-AC8F-4AA4E4514056}"
EndProject
Global
	GlobalSection(SolutionConfigurationPlatforms) = preSolution
		Debug|Any CPU = Debug|Any CPU
		Release|Any CPU = Release|Any CPU
	EndGlobalSection
	GlobalSection(ProjectConfigurationPlatforms) = postSolution
		{66F9EA6F-ED3C-4A50-ACCC-87B5B38EE776}.Debug|Any CPU.ActiveCfg = Debug|Any CPU
		{66F9EA6F-ED3C-4A50-ACCC-87B5B38EE776}.Debug|Any CPU.Build.0 = Debug|Any CPU
		{66F9EA6F-ED3C-4A50-ACCC-87B5B38EE776}.Release|Any CPU.ActiveCfg = Release|Any CPU
		{66F9EA6F-ED3C-4A50-ACCC-87B5B38EE776}.Release|Any CPU.Build.0 = Release|Any CPU
		{880CE6EF-5DCB-458A-AC8F-4AA4E4514056}.Debug|Any CPU.ActiveCfg = Debug|Any CPU
		{880CE6EF-5DCB-458A-AC8F-4AA4E4514056}.Debug|Any CPU.Build.0 = Debug|Any CPU
		{880CE6EF-5DCB-458A-AC8F-4AA4E4514056}.Release|Any CPU.ActiveCfg = Release|Any CPU
		{880CE6EF-5DCB-458A-AC8F-4AA4E4514056}.Release|Any CPU.Build.0 = Release|Any CPU
	EndGlobalSection
	GlobalSection(SolutionProperties) = preSolution
		HideSolutionNode = FALSE
	EndGlobalSection
EndGlobal
